version = 1
revision = 3
requires-python = ">=3.11"

[[package]]
name = "gharchive-spark"
version = "0.1.0"
source = { editable = "." }
dependencies = [
    { name = "pyspark" },
]

[package.metadata]
requires-dist = [{ name = "pyspark", specifier = ">=3.5,<4" }]

[[package]]
name = "py4j"
version = "0.10.9.9"
source = { registry = "https://pypi.org/simple" }
sdist = { url = "https://files.pythonhosted.org/packages/38/31/0b210511177070c8d5d3059556194352e5753602fa64b85b7ab81ec1a009/py4j-0.10.9.9.tar.gz", hash = "sha256:f694cad19efa5bd1dee4f3e5270eb406613c974394035e5bfc4ec1aba870b879", size = 761089, upload-time = "2025-01-15T03:53:18.624Z" }
wheels = [
    { url = "https://files.pythonhosted.org/packages/bd/db/ea0203e495be491c85af87b66e37acfd3bf756fd985f87e46fc5e3bf022c/py4j-0.10.9.9-py2.py3-none-any.whl", hash = "sha256:c7c26e4158defb37b0bb124933163641a2ff6e3a3913f7811b0ddbe07ed61533", size = 203008, upload-time = "2025-01-15T03:53:15.648Z" },
]

[[package]]
name = "pyspark"
version = "3.5.9"
source = { registry = "https://pypi.org/simple" }
dependencies = [
    { name = "py4j" },
]
sdist = { url = "https://files.pythonhosted.org/packages/95/ce/81e53e729790556e3983e95de1a7d5df91a34adfcd34b5a5ab0e0c6e9b33/pyspark-3.5.9.tar.gz", hash = "sha256:ea27adc39ddac9413b8951e45aa748cbed6c785971b81386efc41938f6243d93", size = 317858593, upload-time = "2026-07-16T08:52:04.494Z" }
